github.com/chenzhuoyu/base64x v0.0.0-20211229061535-45e1f0233683 h1:AbBS4LtfzQUGcIgkr37+PglU5UVoDNmqJIHEmp2TAWY=
github.com/chenzhuoyu/base64x v0.0.0-20211229061535-45e1f0233683/go.mod h1:DH46F32mSOjUmXrMHnKwZdA8wcEefY7UVqBKYGjpdQY=
github.com/cristalhq/base64 v0.1.3-0.20220122170000-5cfa89a12c5d h1:GbirmUryfR2OcjpS5KGegSTjBwOpVxeDZCU7dHlIqlk=
github.com/cristalhq/base64 v0.1.3-0.20220122170000-5cfa89a12c5d/go.mod h1:sy4+2Hale2KbtSqkzpdMeYTP/IrB+HCvxVHWsh2VSYk=
github.com/klauspost/cpuid/v2 v2.0.9 h1:lgaqFMSdTdQYdZ04uHyN2d/eKdOMyi2YLSvlQIBFYa4=
github.com/klauspost/cpuid/v2 v2.0.9/go.mod h1:FInQzS24/EEf25PyTYn52gqo7WaD8xa0213Md/qVLRg=
github.com/segmentio/asm v1.1.4 h1:Q/FKBtrgnmDc0YMrurLROqG9mXE6Ndn276EtDnoWtMM=
github.com/segmentio/asm v1.1.4/go.mod h1:Ld3L4ZXGNcSLRg4JBsZ3//1+f/TjYl0Mzen/DQy1EJg=
golang.org/x/sys v0.0.0-20211110154304-99a53858aa08 h1:WecRHqgE09JBkh/584XIE6PMz5KKE/vER4izNUi30AQ=
golang.org/x/sys v0.0.0-20211110154304-99a53858aa08/go.mod h1:oPkhp1MJrh7nUepCBck5+mAzfO9JrbApNNgaTdGDITg=
