github.com/karrick/godirwalk v1.15.6 h1:Yf2mmR8TJy+8Fa0SuQVto5SYap6IF7lNVX4Jdl8G1qA=
github.com/karrick/godirwalk v1.15.6/go.mod h1:j4mkqPuvaLI8mp1DroR3P6ad7cyYd4c1qeJ3RV7ULlk=
github.com/opencontainers/selinux v1.5.3-0.20200703085305-715dda1f2222 h1:c9yUUoAGXtoehxaZAuf/yAsD4/PQHuRLmjLDNeINwQY=
github.com/opencontainers/selinux v1.5.3-0.20200703085305-715dda1f2222/go.mod h1:VVGKuOLlE7v4PJyT6h7mNWvq1rzqiriPsEqVhc+svHE=
github.com/pkg/errors v0.9.1 h1:FEBLx1zS214owpjy7qsBeixbURkuhQAwrK5UwLGTwt4=
github.com/pkg/errors v0.9.1/go.mod h1:bwawxfHBFNV+L2hUp1rHADufV3IMtnDRdf1r5NINEl0=
github.com/willf/bitset v1.1.11-0.20200630133818-d5bec3311243/go.mod h1:RjeCKbqT1RxIR/KWY6phxZiaY1IyutSBfGjNPySAYV4=
golang.org/x/sys v0.0.0-20191115151921-52ab43148777/go.mod h1:h1NjWce9XRLGQEsW7wpKNCjG9DtNlClVuFLEZdDNbEs=
